// !$*UTF8*$!
{
	archiveVersion = 1;
	classes = {
	};
	objectVersion = 50;
	objects = {

/* Begin PBXBuildFile section */
		3153FCC9209F027200287BCE /* PersonResults.swift in Sources */ = {isa = PBXBuildFile; fileRef = 3153FCC8209F027100287BCE /* PersonResults.swift */; };
		3153FCCB209F031600287BCE /* ActorTableViewCell.swift in Sources */ = {isa = PBXBuildFile; fileRef = 3153FCCA209F031600287BCE /* ActorTableViewCell.swift */; };
		3153FCCD209F0BD900287BCE /* WatcherDataModel.swift in Sources */ = {isa = PBXBuildFile; fileRef = 3153FCCC209F0BD900287BCE /* WatcherDataModel.swift */; };
		3153FCD2209F2B4400287BCE /* GenreSelectionViewController.swift in Sources */ = {isa = PBXBuildFile; fileRef = 3153FCD1209F2B4400287BCE /* GenreSelectionViewController.swift */; };
		3153FCD420A014C200287BCE /* GenreTableViewCell.swift in Sources */ = {isa = PBXBuildFile; fileRef = 3153FCD320A014C200287BCE /* GenreTableViewCell.swift */; };
		3153FCD620A038A800287BCE /* Watchers.swift in Sources */ = {isa = PBXBuildFile; fileRef = 3153FCD520A038A800287BCE /* Watchers.swift */; };
		3175FD1B209D74050036DF56 /* AppDelegate.swift in Sources */ = {isa = PBXBuildFile; fileRef = 3175FD1A209D74050036DF56 /* AppDelegate.swift */; };
		3175FD1D209D74050036DF56 /* MainSelectionViewController.swift in Sources */ = {isa = PBXBuildFile; fileRef = 3175FD1C209D74050036DF56 /* MainSelectionViewController.swift */; };
		3175FD20209D74050036DF56 /* Main.storyboard in Resources */ = {isa = PBXBuildFile; fileRef = 3175FD1E209D74050036DF56 /* Main.storyboard */; };
		3175FD22209D740A0036DF56 /* Assets.xcassets in Resources */ = {isa = PBXBuildFile; fileRef = 3175FD21209D740A0036DF56 /* Assets.xcassets */; };
		3175FD25209D740A0036DF56 /* LaunchScreen.storyboard in Resources */ = {isa = PBXBuildFile; fileRef = 3175FD23209D740A0036DF56 /* LaunchScreen.storyboard */; };
		3175FD2D209E01770036DF56 /* ActorSelectionViewController.swift in Sources */ = {isa = PBXBuildFile; fileRef = 3175FD2C209E01770036DF56 /* ActorSelectionViewController.swift */; };
		3175FD31209ED55C0036DF56 /* UIImageView.swift in Sources */ = {isa = PBXBuildFile; fileRef = 3175FD30209ED55C0036DF56 /* UIImageView.swift */; };
		3175FD43209ED9620036DF56 /* Pods_Movie_Night.framework in Frameworks */ = {isa = PBXBuildFile; fileRef = 478E705E949F93CA9149FEDE /* Pods_Movie_Night.framework */; };
/* End PBXBuildFile section */

/* Begin PBXFileReference section */
		3153FCC8209F027100287BCE /* PersonResults.swift */ = {isa = PBXFileReference; lastKnownFileType = sourcecode.swift; path = PersonResults.swift; sourceTree = "<group>"; };
		3153FCCA209F031600287BCE /* ActorTableViewCell.swift */ = {isa = PBXFileReference; lastKnownFileType = sourcecode.swift; path = ActorTableViewCell.swift; sourceTree = "<group>"; };
		3153FCCC209F0BD900287BCE /* WatcherDataModel.swift */ = {isa = PBXFileReference; lastKnownFileType = sourcecode.swift; path = WatcherDataModel.swift; sourceTree = "<group>"; };
		3153FCD1209F2B4400287BCE /* GenreSelectionViewController.swift */ = {isa = PBXFileReference; lastKnownFileType = sourcecode.swift; path = GenreSelectionViewController.swift; sourceTree = "<group>"; };
		3153FCD320A014C200287BCE /* GenreTableViewCell.swift */ = {isa = PBXFileReference; lastKnownFileType = sourcecode.swift; path = GenreTableViewCell.swift; sourceTree = "<group>"; };
		3153FCD520A038A800287BCE /* Watchers.swift */ = {isa = PBXFileReference; lastKnownFileType = sourcecode.swift; path = Watchers.swift; sourceTree = "<group>"; };
		3175FD17209D74050036DF56 /* Movie Night.app */ = {isa = PBXFileReference; explicitFileType = wrapper.application; includeInIndex = 0; path = "Movie Night.app"; sourceTree = BUILT_PRODUCTS_DIR; };
		3175FD1A209D74050036DF56 /* AppDelegate.swift */ = {isa = PBXFileReference; lastKnownFileType = sourcecode.swift; path = AppDelegate.swift; sourceTree = "<group>"; };
		3175FD1C209D74050036DF56 /* MainSelectionViewController.swift */ = {isa = PBXFileReference; lastKnownFileType = sourcecode.swift; path = MainSelectionViewController.swift; sourceTree = "<group>"; };
		3175FD1F209D74050036DF56 /* Base */ = {isa = PBXFileReference; lastKnownFileType = file.storyboard; name = Base; path = Base.lproj/Main.storyboard; sourceTree = "<group>"; };
		3175FD21209D740A0036DF56 /* Assets.xcassets */ = {isa = PBXFileReference; lastKnownFileType = folder.assetcatalog; path = Assets.xcassets; sourceTree = "<group>"; };
		3175FD24209D740A0036DF56 /* Base */ = {isa = PBXFileReference; lastKnownFileType = file.storyboard; name = Base; path = Base.lproj/LaunchScreen.storyboard; sourceTree = "<group>"; };
		3175FD26209D740A0036DF56 /* Info.plist */ = {isa = PBXFileReference; lastKnownFileType = text.plist.xml; path = Info.plist; sourceTree = "<group>"; };
		3175FD2C209E01770036DF56 /* ActorSelectionViewController.swift */ = {isa = PBXFileReference; lastKnownFileType = sourcecode.swift; path = ActorSelectionViewController.swift; sourceTree = "<group>"; };
		3175FD30209ED55C0036DF56 /* UIImageView.swift */ = {isa = PBXFileReference; lastKnownFileType = sourcecode.swift; path = UIImageView.swift; sourceTree = "<group>"; };
		451632E2E8C56EA5A030F32F /* Pods-Movie Night.debug.xcconfig */ = {isa = PBXFileReference; includeInIndex = 1; lastKnownFileType = text.xcconfig; name = "Pods-Movie Night.debug.xcconfig"; path = "Pods/Target Support Files/Pods-Movie Night/Pods-Movie Night.debug.xcconfig"; sourceTree = "<group>"; };
		478E705E949F93CA9149FEDE /* Pods_Movie_Night.framework */ = {isa = PBXFileReference; explicitFileType = wrapper.framework; includeInIndex = 0; path = Pods_Movie_Night.framework; sourceTree = BUILT_PRODUCTS_DIR; };
		F4F2CF1C1A4B6A4A69AB2B91 /* Pods-Movie Night.release.xcconfig */ = {isa = PBXFileReference; includeInIndex = 1; lastKnownFileType = text.xcconfig; name = "Pods-Movie Night.release.xcconfig"; path = "Pods/Target Support Files/Pods-Movie Night/Pods-Movie Night.release.xcconfig"; sourceTree = "<group>"; };
/* End PBXFileReference section */

/* Begin PBXFrameworksBuildPhase section */
		3175FD14209D74050036DF56 /* Frameworks */ = {
			isa = PBXFrameworksBuildPhase;
			buildActionMask = 2147483647;
			files = (
				3175FD43209ED9620036DF56 /* Pods_Movie_Night.framework in Frameworks */,
			);
			runOnlyForDeploymentPostprocessing = 0;
		};
/* End PBXFrameworksBuildPhase section */

/* Begin PBXGroup section */
		3153FCCE209F2AFA00287BCE /* DataModel */ = {
			isa = PBXGroup;
			children = (
				3153FCCC209F0BD900287BCE /* WatcherDataModel.swift */,
				3153FCCA209F031600287BCE /* ActorTableViewCell.swift */,
				3153FCD320A014C200287BCE /* GenreTableViewCell.swift */,
				3153FCD520A038A800287BCE /* Watchers.swift */,
			);
			path = DataModel;
			sourceTree = "<group>";
		};
		3175FD0E209D74050036DF56 = {
			isa = PBXGroup;
			children = (
				3175FD19209D74050036DF56 /* Movie Night */,
				3175FD18209D74050036DF56 /* Products */,
				362D6920DC4D35F621F326BD /* Pods */,
				57DCFE8D9E7153D331EBAB79 /* Frameworks */,
			);
			sourceTree = "<group>";
		};
		3175FD18209D74050036DF56 /* Products */ = {
			isa = PBXGroup;
			children = (
				3175FD17209D74050036DF56 /* Movie Night.app */,
			);
			name = Products;
			sourceTree = "<group>";
		};
		3175FD19209D74050036DF56 /* Movie Night */ = {
			isa = PBXGroup;
			children = (
				3175FD1A209D74050036DF56 /* AppDelegate.swift */,
				3153FCCE209F2AFA00287BCE /* DataModel */,
				3175FD33209ED57A0036DF56 /* Controllers */,
				3175FD32209ED56A0036DF56 /* Extensions */,
				3175FD1E209D74050036DF56 /* Main.storyboard */,
				3175FD21209D740A0036DF56 /* Assets.xcassets */,
				3175FD23209D740A0036DF56 /* LaunchScreen.storyboard */,
				3175FD26209D740A0036DF56 /* Info.plist */,
			);
			path = "Movie Night";
			sourceTree = "<group>";
		};
		3175FD32209ED56A0036DF56 /* Extensions */ = {
			isa = PBXGroup;
			children = (
				3175FD30209ED55C0036DF56 /* UIImageView.swift */,
				3153FCC8209F027100287BCE /* PersonResults.swift */,
			);
			path = Extensions;
			sourceTree = "<group>";
		};
		3175FD33209ED57A0036DF56 /* Controllers */ = {
			isa = PBXGroup;
			children = (
				3175FD1C209D74050036DF56 /* MainSelectionViewController.swift */,
				3175FD2C209E01770036DF56 /* ActorSelectionViewController.swift */,
				3153FCD1209F2B4400287BCE /* GenreSelectionViewController.swift */,
			);
			path = Controllers;
			sourceTree = "<group>";
		};
		362D6920DC4D35F621F326BD /* Pods */ = {
			isa = PBXGroup;
			children = (
				451632E2E8C56EA5A030F32F /* Pods-Movie Night.debug.xcconfig */,
				F4F2CF1C1A4B6A4A69AB2B91 /* Pods-Movie Night.release.xcconfig */,
			);
			name = Pods;
			sourceTree = "<group>";
		};
		57DCFE8D9E7153D331EBAB79 /* Frameworks */ = {
			isa = PBXGroup;
			children = (
				478E705E949F93CA9149FEDE /* Pods_Movie_Night.framework */,
			);
			name = Frameworks;
			sourceTree = "<group>";
		};
/* End PBXGroup section */

/* Begin PBXNativeTarget section */
		3175FD16209D74050036DF56 /* Movie Night */ = {
			isa = PBXNativeTarget;
			buildConfigurationList = 3175FD29209D740A0036DF56 /* Build configuration list for PBXNativeTarget "Movie Night" */;
			buildPhases = (
				4B895C3F6BB14E606736E1B8 /* [CP] Check Pods Manifest.lock */,
				3175FD13209D74050036DF56 /* Sources */,
				3175FD14209D74050036DF56 /* Frameworks */,
				3175FD15209D74050036DF56 /* Resources */,
				C010F20DF91AA73AB39BB655 /* [CP] Embed Pods Frameworks */,
			);
			buildRules = (
			);
			dependencies = (
			);
			name = "Movie Night";
			productName = "Movie Night";
			productReference = 3175FD17209D74050036DF56 /* Movie Night.app */;
			productType = "com.apple.product-type.application";
		};
/* End PBXNativeTarget section */

/* Begin PBXProject section */
		3175FD0F209D74050036DF56 /* Project object */ = {
			isa = PBXProject;
			attributes = {
				LastSwiftUpdateCheck = 0930;
				LastUpgradeCheck = 0930;
				ORGANIZATIONNAME = "Jaakko Kenttä";
				TargetAttributes = {
					3175FD16209D74050036DF56 = {
						CreatedOnToolsVersion = 9.3;
					};
				};
			};
			buildConfigurationList = 3175FD12209D74050036DF56 /* Build configuration list for PBXProject "Movie Night" */;
			compatibilityVersion = "Xcode 9.3";
			developmentRegion = en;
			hasScannedForEncodings = 0;
			knownRegions = (
				en,
				Base,
			);
			mainGroup = 3175FD0E209D74050036DF56;
			productRefGroup = 3175FD18209D74050036DF56 /* Products */;
			projectDirPath = "";
			projectRoot = "";
			targets = (
				3175FD16209D74050036DF56 /* Movie Night */,
			);
		};
/* End PBXProject section */

/* Begin PBXResourcesBuildPhase section */
		3175FD15209D74050036DF56 /* Resources */ = {
			isa = PBXResourcesBuildPhase;
			buildActionMask = 2147483647;
			files = (
				3175FD25209D740A0036DF56 /* LaunchScreen.storyboard in Resources */,
				3175FD22209D740A0036DF56 /* Assets.xcassets in Resources */,
				3175FD20209D74050036DF56 /* Main.storyboard in Resources */,
			);
			runOnlyForDeploymentPostprocessing = 0;
		};
/* End PBXResourcesBuildPhase section */

/* Begin PBXShellScriptBuildPhase section */
		4B895C3F6BB14E606736E1B8 /* [CP] Check Pods Manifest.lock */ = {
			isa = PBXShellScriptBuildPhase;
			buildActionMask = 2147483647;
			files = (
			);
			inputPaths = (
				"${PODS_PODFILE_DIR_PATH}/Podfile.lock",
				"${PODS_ROOT}/Manifest.lock",
			);
			name = "[CP] Check Pods Manifest.lock";
			outputPaths = (
				"$(DERIVED_FILE_DIR)/Pods-Movie Night-checkManifestLockResult.txt",
			);
			runOnlyForDeploymentPostprocessing = 0;
			shellPath = /bin/sh;
			shellScript = "diff \"${PODS_PODFILE_DIR_PATH}/Podfile.lock\" \"${PODS_ROOT}/Manifest.lock\" > /dev/null\nif [ $? != 0 ] ; then\n    # print error to STDERR\n    echo \"error: The sandbox is not in sync with the Podfile.lock. Run 'pod install' or update your CocoaPods installation.\" >&2\n    exit 1\nfi\n# This output is used by Xcode 'outputs' to avoid re-running this script phase.\necho \"SUCCESS\" > \"${SCRIPT_OUTPUT_FILE_0}\"\n";
			showEnvVarsInLog = 0;
		};
		C010F20DF91AA73AB39BB655 /* [CP] Embed Pods Frameworks */ = {
			isa = PBXShellScriptBuildPhase;
			buildActionMask = 2147483647;
			files = (
			);
			inputPaths = (
				"${SRCROOT}/Pods/Target Support Files/Pods-Movie Night/Pods-Movie Night-frameworks.sh",
				"${BUILT_PRODUCTS_DIR}/TMDBSwift/TMDBSwift.framework",
			);
			name = "[CP] Embed Pods Frameworks";
			outputPaths = (
				"${TARGET_BUILD_DIR}/${FRAMEWORKS_FOLDER_PATH}/TMDBSwift.framework",
			);
			runOnlyForDeploymentPostprocessing = 0;
			shellPath = /bin/sh;
			shellScript = "\"${SRCROOT}/Pods/Target Support Files/Pods-Movie Night/Pods-Movie Night-frameworks.sh\"\n";
			showEnvVarsInLog = 0;
		};
/* End PBXShellScriptBuildPhase section */

/* Begin PBXSourcesBuildPhase section */
		3175FD13209D74050036DF56 /* Sources */ = {
			isa = PBXSourcesBuildPhase;
			buildActionMask = 2147483647;
			files = (
				3175FD31209ED55C0036DF56 /* UIImageView.swift in Sources */,
				3153FCCB209F031600287BCE /* ActorTableViewCell.swift in Sources */,
				3175FD1D209D74050036DF56 /* MainSelectionViewController.swift in Sources */,
				3153FCCD209F0BD900287BCE /* WatcherDataModel.swift in Sources */,
				3153FCD620A038A800287BCE /* Watchers.swift in Sources */,
				3175FD2D209E01770036DF56 /* ActorSelectionViewController.swift in Sources */,
				3153FCC9209F027200287BCE /* PersonResults.swift in Sources */,
				3175FD1B209D74050036DF56 /* AppDelegate.swift in Sources */,
				3153FCD2209F2B4400287BCE /* GenreSelectionViewController.swift in Sources */,
				3153FCD420A014C200287BCE /* GenreTableViewCell.swift in Sources */,
			);
			runOnlyForDeploymentPostprocessing = 0;
		};
/* End PBXSourcesBuildPhase section */

/* Begin PBXVariantGroup section */
		3175FD1E209D74050036DF56 /* Main.storyboard */ = {
			isa = PBXVariantGroup;
			children = (
				3175FD1F209D74050036DF56 /* Base */,
			);
			name = Main.storyboard;
			sourceTree = "<group>";
		};
		3175FD23209D740A0036DF56 /* LaunchScreen.storyboard */ = {
			isa = PBXVariantGroup;
			children = (
				3175FD24209D740A0036DF56 /* Base */,
			);
			name = LaunchScreen.storyboard;
			sourceTree = "<group>";
		};
/* End PBXVariantGroup section */

/* Begin XCBuildConfiguration section */
		3175FD27209D740A0036DF56 /* Debug */ = {
			isa = XCBuildConfiguration;
			buildSettings = {
				ALWAYS_SEARCH_USER_PATHS = NO;
				CLANG_ANALYZER_NONNULL = YES;
				CLANG_ANALYZER_NUMBER_OBJECT_CONVERSION = YES_AGGRESSIVE;
				CLANG_CXX_LANGUAGE_STANDARD = "gnu++14";
				CLANG_CXX_LIBRARY = "libc++";
				CLANG_ENABLE_MODULES = YES;
				CLANG_ENABLE_OBJC_ARC = YES;
				CLANG_ENABLE_OBJC_WEAK = YES;
				CLANG_WARN_BLOCK_CAPTURE_AUTORELEASING = YES;
				CLANG_WARN_BOOL_CONVERSION = YES;
				CLANG_WARN_COMMA = YES;
				CLANG_WARN_CONSTANT_CONVERSION = YES;
				CLANG_WARN_DEPRECATED_OBJC_IMPLEMENTATIONS = YES;
				CLANG_WARN_DIRECT_OBJC_ISA_USAGE = YES_ERROR;
				CLANG_WARN_DOCUMENTATION_COMMENTS = YES;
				CLANG_WARN_EMPTY_BODY = YES;
				CLANG_WARN_ENUM_CONVERSION = YES;
				CLANG_WARN_INFINITE_RECURSION = YES;
				CLANG_WARN_INT_CONVERSION = YES;
				CLANG_WARN_NON_LITERAL_NULL_CONVERSION = YES;
				CLANG_WARN_OBJC_IMPLICIT_RETAIN_SELF = YES;
				CLANG_WARN_OBJC_LITERAL_CONVERSION = YES;
				CLANG_WARN_OBJC_ROOT_CLASS = YES_ERROR;
				CLANG_WARN_RANGE_LOOP_ANALYSIS = YES;
				CLANG_WARN_STRICT_PROTOTYPES = YES;
				CLANG_WARN_SUSPICIOUS_MOVE = YES;
				CLANG_WARN_UNGUARDED_AVAILABILITY = YES_AGGRESSIVE;
				CLANG_WARN_UNREACHABLE_CODE = YES;
				CLANG_WARN__DUPLICATE_METHOD_MATCH = YES;
				CODE_SIGN_IDENTITY = "iPhone Developer";
				COPY_PHASE_STRIP = NO;
				DEBUG_INFORMATION_FORMAT = dwarf;
				ENABLE_STRICT_OBJC_MSGSEND = YES;
				ENABLE_TESTABILITY = YES;
				GCC_C_LANGUAGE_STANDARD = gnu11;
				GCC_DYNAMIC_NO_PIC = NO;
				GCC_NO_COMMON_BLOCKS = YES;
				GCC_OPTIMIZATION_LEVEL = 0;
				GCC_PREPROCESSOR_DEFINITIONS = (
					"DEBUG=1",
					"$(inherited)",
				);
				GCC_WARN_64_TO_32_BIT_CONVERSION = YES;
				GCC_WARN_ABOUT_RETURN_TYPE = YES_ERROR;
				GCC_WARN_UNDECLARED_SELECTOR = YES;
				GCC_WARN_UNINITIALIZED_AUTOS = YES_AGGRESSIVE;
				GCC_WARN_UNUSED_FUNCTION = YES;
				GCC_WARN_UNUSED_VARIABLE = YES;
				IPHONEOS_DEPLOYMENT_TARGET = 11.3;
				MTL_ENABLE_DEBUG_INFO = YES;
				ONLY_ACTIVE_ARCH = YES;
				SDKROOT = iphoneos;
				SWIFT_ACTIVE_COMPILATION_CONDITIONS = DEBUG;
				SWIFT_OPTIMIZATION_LEVEL = "-Onone";
			};
			name = Debug;
		};
		3175FD28209D740A0036DF56 /* Release */ = {
			isa = XCBuildConfiguration;
			buildSettings = {
				ALWAYS_SEARCH_USER_PATHS = NO;
				CLANG_ANALYZER_NONNULL = YES;
				CLANG_ANALYZER_NUMBER_OBJECT_CONVERSION = YES_AGGRESSIVE;
				CLANG_CXX_LANGUAGE_STANDARD = "gnu++14";
				CLANG_CXX_LIBRARY = "libc++";
				CLANG_ENABLE_MODULES = YES;
				CLANG_ENABLE_OBJC_ARC = YES;
				CLANG_ENABLE_OBJC_WEAK = YES;
				CLANG_WARN_BLOCK_CAPTURE_AUTORELEASING = YES;
				CLANG_WARN_BOOL_CONVERSION = YES;
				CLANG_WARN_COMMA = YES;
				CLANG_WARN_CONSTANT_CONVERSION = YES;
				CLANG_WARN_DEPRECATED_OBJC_IMPLEMENTATIONS = YES;
				CLANG_WARN_DIRECT_OBJC_ISA_USAGE = YES_ERROR;
				CLANG_WARN_DOCUMENTATION_COMMENTS = YES;
				CLANG_WARN_EMPTY_BODY = YES;
				CLANG_WARN_ENUM_CONVERSION = YES;
				CLANG_WARN_INFINITE_RECURSION = YES;
				CLANG_WARN_INT_CONVERSION = YES;
				CLANG_WARN_NON_LITERAL_NULL_CONVERSION = YES;
				CLANG_WARN_OBJC_IMPLICIT_RETAIN_SELF = YES;
				CLANG_WARN_OBJC_LITERAL_CONVERSION = YES;
				CLANG_WARN_OBJC_ROOT_CLASS = YES_ERROR;
				CLANG_WARN_RANGE_LOOP_ANALYSIS = YES;
				CLANG_WARN_STRICT_PROTOTYPES = YES;
				CLANG_WARN_SUSPICIOUS_MOVE = YES;
				CLANG_WARN_UNGUARDED_AVAILABILITY = YES_AGGRESSIVE;
				CLANG_WARN_UNREACHABLE_CODE = YES;
				CLANG_WARN__DUPLICATE_METHOD_MATCH = YES;
				CODE_SIGN_IDENTITY = "iPhone Developer";
				COPY_PHASE_STRIP = NO;
				DEBUG_INFORMATION_FORMAT = "dwarf-with-dsym";
				ENABLE_NS_ASSERTIONS = NO;
				ENABLE_STRICT_OBJC_MSGSEND = YES;
				GCC_C_LANGUAGE_STANDARD = gnu11;
				GCC_NO_COMMON_BLOCKS = YES;
				GCC_WARN_64_TO_32_BIT_CONVERSION = YES;
				GCC_WARN_ABOUT_RETURN_TYPE = YES_ERROR;
				GCC_WARN_UNDECLARED_SELECTOR = YES;
				GCC_WARN_UNINITIALIZED_AUTOS = YES_AGGRESSIVE;
				GCC_WARN_UNUSED_FUNCTION = YES;
				GCC_WARN_UNUSED_VARIABLE = YES;
				IPHONEOS_DEPLOYMENT_TARGET = 11.3;
				MTL_ENABLE_DEBUG_INFO = NO;
				SDKROOT = iphoneos;
				SWIFT_COMPILATION_MODE = wholemodule;
				SWIFT_OPTIMIZATION_LEVEL = "-O";
				VALIDATE_PRODUCT = YES;
			};
			name = Release;
		};
		3175FD2A209D740A0036DF56 /* Debug */ = {
			isa = XCBuildConfiguration;
			baseConfigurationReference = 451632E2E8C56EA5A030F32F /* Pods-Movie Night.debug.xcconfig */;
			buildSettings = {
				ASSETCATALOG_COMPILER_APPICON_NAME = AppIcon;
				CODE_SIGN_STYLE = Automatic;
				DEVELOPMENT_TEAM = H28M339QJB;
				FRAMEWORK_SEARCH_PATHS = (
					"$(inherited)",
					"$(PROJECT_DIR)",
				);
				INFOPLIST_FILE = "Movie Night/Info.plist";
				LD_RUNPATH_SEARCH_PATHS = (
					"$(inherited)",
					"@executable_path/Frameworks",
				);
				PRODUCT_BUNDLE_IDENTIFIER = "com.bittifield.movienight.Movie-Night";
				PRODUCT_NAME = "$(TARGET_NAME)";
				SWIFT_VERSION = 4.0;
				TARGETED_DEVICE_FAMILY = "1,2";
			};
			name = Debug;
		};
		3175FD2B209D740A0036DF56 /* Release */ = {
			isa = XCBuildConfiguration;
			baseConfigurationReference = F4F2CF1C1A4B6A4A69AB2B91 /* Pods-Movie Night.release.xcconfig */;
			buildSettings = {
				ASSETCATALOG_COMPILER_APPICON_NAME = AppIcon;
				CODE_SIGN_STYLE = Automatic;
				DEVELOPMENT_TEAM = H28M339QJB;
				FRAMEWORK_SEARCH_PATHS = (
					"$(inherited)",
					"$(PROJECT_DIR)",
				);
				INFOPLIST_FILE = "Movie Night/Info.plist";
				LD_RUNPATH_SEARCH_PATHS = (
					"$(inherited)",
					"@executable_path/Frameworks",
				);
				PRODUCT_BUNDLE_IDENTIFIER = "com.bittifield.movienight.Movie-Night";
				PRODUCT_NAME = "$(TARGET_NAME)";
				SWIFT_VERSION = 4.0;
				TARGETED_DEVICE_FAMILY = "1,2";
			};
			name = Release;
		};
/* End XCBuildConfiguration section */

/* Begin XCConfigurationList section */
		3175FD12209D74050036DF56 /* Build configuration list for PBXProject "Movie Night" */ = {
			isa = XCConfigurationList;
			buildConfigurations = (
				3175FD27209D740A0036DF56 /* Debug */,
				3175FD28209D740A0036DF56 /* Release */,
			);
			defaultConfigurationIsVisible = 0;
			defaultConfigurationName = Release;
		};
		3175FD29209D740A0036DF56 /* Build configuration list for PBXNativeTarget "Movie Night" */ = {
			isa = XCConfigurationList;
			buildConfigurations = (
				3175FD2A209D740A0036DF56 /* Debug */,
				3175FD2B209D740A0036DF56 /* Release */,
			);
			defaultConfigurationIsVisible = 0;
			defaultConfigurationName = Release;
		};
/* End XCConfigurationList section */
	};
	rootObject = 3175FD0F209D74050036DF56 /* Project object */;
}
